{
  "version": 4,
  "terraform_version": "1.5.2",
  "serial": 8,
  "lineage": "ff2ff791-3ff9-c81c-c029-9e0e46f5f045",
  "outputs": {},
  "resources": [
    {
      "mode": "data",
      "type": "aws_caller_identity",
      "name": "current",
      "provider": "provider[\"registry.terraform.io/hashicorp/aws\"]",
      "instances": [
        {
          "schema_version": 0,
          "attributes": {
            "account_id": "037370603820",
            "arn": "arn:aws:sts::037370603820:assumed-role/ct-ado-macbisshared-developer-admin/KTXW",
            "id": "037370603820",
            "user_id": "AROAQRM3WFEWO4P6DCWTX:KTXW"
          },
          "sensitive_attributes": []
        }
      ]
    },
    {
      "mode": "data",
      "type": "aws_iam_policy_document",
      "name": "ecr_perms_ro_organization",
      "provider": "provider[\"registry.terraform.io/hashicorp/aws\"]",
      "instances": [
        {
          "schema_version": 0,
          "attributes": {
            "id": "4077038092",
            "json": "{\n  \"Version\": \"2012-10-17\",\n  \"Statement\": [\n    {\n      \"Sid\": \"OrganizationECRReadOnly\",\n      \"Effect\": \"Allow\",\n      \"Action\": [\n        \"ecr:ListImages\",\n        \"ecr:GetDownloadUrlForLayer\",\n        \"ecr:GetAuthorizationToken\",\n        \"ecr:DescribeImages\",\n        \"ecr:BatchGetImage\",\n        \"ecr:BatchCheckLayerAvailability\"\n      ],\n      \"Principal\": {\n        \"AWS\": \"*\"\n      },\n      \"Condition\": {\n        \"StringLike\": {\n          \"aws:PrincipalOrgID\": \"o-ry4nhh9eic\"\n        }\n      }\n    }\n  ]\n}",
            "override_policy_documents": null,
            "policy_id": null,
            "source_policy_documents": null,
            "statement": [
              {
                "actions": [
                  "ecr:BatchCheckLayerAvailability",
                  "ecr:BatchGetImage",
                  "ecr:DescribeImages",
                  "ecr:GetAuthorizationToken",
                  "ecr:GetDownloadUrlForLayer",
                  "ecr:ListImages"
                ],
                "condition": [
                  {
                    "test": "StringLike",
                    "values": [
                      "o-ry4nhh9eic"
                    ],
                    "variable": "aws:PrincipalOrgID"
                  }
                ],
                "effect": "Allow",
                "not_actions": [],
                "not_principals": [],
                "not_resources": [],
                "principals": [
                  {
                    "identifiers": [
                      "*"
                    ],
                    "type": "AWS"
                  }
                ],
                "resources": [],
                "sid": "OrganizationECRReadOnly"
              }
            ],
            "version": "2012-10-17"
          },
          "sensitive_attributes": []
        }
      ]
    },
    {
      "mode": "data",
      "type": "aws_iam_policy_document",
      "name": "github_actions_assume_role",
      "provider": "provider[\"registry.terraform.io/hashicorp/aws\"]",
      "instances": [
        {
          "schema_version": 0,
          "attributes": {
            "id": "206191499",
            "json": "{\n  \"Version\": \"2012-10-17\",\n  \"Statement\": [\n    {\n      \"Sid\": \"RoleForGitHubActions\",\n      \"Effect\": \"Allow\",\n      \"Action\": \"sts:AssumeRoleWithWebIdentity\",\n      \"Principal\": {\n        \"Federated\": \"arn:aws:iam::037370603820:oidc-provider/token.actions.githubusercontent.com\"\n      },\n      \"Condition\": {\n        \"StringEquals\": {\n          \"token.actions.githubusercontent.com:aud\": \"sts.amazonaws.com\"\n        },\n        \"StringLike\": {\n          \"token.actions.githubusercontent.com:sub\": \"repo:Enterprise-CMCS/mac-fc-github-actions-runner-aws:*\"\n        }\n      }\n    }\n  ]\n}",
            "override_policy_documents": null,
            "policy_id": null,
            "source_policy_documents": null,
            "statement": [
              {
                "actions": [
                  "sts:AssumeRoleWithWebIdentity"
                ],
                "condition": [
                  {
                    "test": "StringEquals",
                    "values": [
                      "sts.amazonaws.com"
                    ],
                    "variable": "token.actions.githubusercontent.com:aud"
                  },
                  {
                    "test": "StringLike",
                    "values": [
                      "repo:Enterprise-CMCS/mac-fc-github-actions-runner-aws:*"
                    ],
                    "variable": "token.actions.githubusercontent.com:sub"
                  }
                ],
                "effect": "Allow",
                "not_actions": [],
                "not_principals": [],
                "not_resources": [],
                "principals": [
                  {
                    "identifiers": [
                      "arn:aws:iam::037370603820:oidc-provider/token.actions.githubusercontent.com"
                    ],
                    "type": "Federated"
                  }
                ],
                "resources": [],
                "sid": "RoleForGitHubActions"
              }
            ],
            "version": "2012-10-17"
          },
          "sensitive_attributes": []
        }
      ]
    },
    {
      "mode": "data",
      "type": "aws_iam_policy_document",
      "name": "github_actions_permissions",
      "provider": "provider[\"registry.terraform.io/hashicorp/aws\"]",
      "instances": [
        {
          "schema_version": 0,
          "attributes": {
            "id": "3959307731",
            "json": "{\n  \"Version\": \"2012-10-17\",\n  \"Statement\": [\n    {\n      \"Effect\": \"Allow\",\n      \"Action\": \"ecr:GetAuthorizationToken\",\n      \"Resource\": \"*\"\n    },\n    {\n      \"Effect\": \"Allow\",\n      \"Action\": [\n        \"ecr:UploadLayerPart\",\n        \"ecr:TagResource\",\n        \"ecr:PutImage\",\n        \"ecr:InitiateLayerUpload\",\n        \"ecr:GetAuthorizationToken\",\n        \"ecr:CompleteLayerUpload\",\n        \"ecr:BatchGetImage\",\n        \"ecr:BatchCheckLayerAvailability\"\n      ],\n      \"Resource\": \"arn:aws:ecr:us-east-1:037370603820:repository/github-actions-runner\"\n    }\n  ]\n}",
            "override_policy_documents": null,
            "policy_id": null,
            "source_policy_documents": null,
            "statement": [
              {
                "actions": [
                  "ecr:GetAuthorizationToken"
                ],
                "condition": [],
                "effect": "Allow",
                "not_actions": [],
                "not_principals": [],
                "not_resources": [],
                "principals": [],
                "resources": [
                  "*"
                ],
                "sid": ""
              },
              {
                "actions": [
                  "ecr:BatchCheckLayerAvailability",
                  "ecr:BatchGetImage",
                  "ecr:CompleteLayerUpload",
                  "ecr:GetAuthorizationToken",
                  "ecr:InitiateLayerUpload",
                  "ecr:PutImage",
                  "ecr:TagResource",
                  "ecr:UploadLayerPart"
                ],
                "condition": [],
                "effect": "Allow",
                "not_actions": [],
                "not_principals": [],
                "not_resources": [],
                "principals": [],
                "resources": [
                  "arn:aws:ecr:us-east-1:037370603820:repository/github-actions-runner"
                ],
                "sid": ""
              }
            ],
            "version": "2012-10-17"
          },
          "sensitive_attributes": []
        }
      ]
    },
    {
      "mode": "data",
      "type": "aws_organizations_organization",
      "name": "cmsgov",
      "provider": "provider[\"registry.terraform.io/hashicorp/aws\"]",
      "instances": [
        {
          "schema_version": 0,
          "attributes": {
            "accounts": null,
            "arn": "arn:aws:organizations::566306277350:organization/o-ry4nhh9eic",
            "aws_service_access_principals": [],
            "enabled_policy_types": [],
            "feature_set": "ALL",
            "id": "o-ry4nhh9eic",
            "master_account_arn": "arn:aws:organizations::566306277350:account/o-ry4nhh9eic/566306277350",
            "master_account_email": "aws-hhs-cms-gdit@gdit.com",
            "master_account_id": "566306277350",
            "non_master_accounts": null,
            "roots": null
          },
          "sensitive_attributes": []
        }
      ]
    },
    {
      "mode": "managed",
      "type": "aws_ecr_lifecycle_policy",
      "name": "github_actions_runner",
      "provider": "provider[\"registry.terraform.io/hashicorp/aws\"]",
      "instances": [
        {
          "schema_version": 0,
          "attributes": {
            "id": "github-actions-runner",
            "policy": "{\"rules\":[{\"action\":{\"type\":\"expire\"},\"description\":\"Keep last 500 images\",\"rulePriority\":10,\"selection\":{\"countNumber\":500,\"countType\":\"imageCountMoreThan\",\"tagStatus\":\"any\"}}]}",
            "registry_id": "037370603820",
            "repository": "github-actions-runner"
          },
          "sensitive_attributes": [],
          "private": "eyJzY2hlbWFfdmVyc2lvbiI6IjAifQ==",
          "dependencies": [
            "aws_ecr_repository.github_actions_runner"
          ]
        }
      ]
    },
    {
      "mode": "managed",
      "type": "aws_ecr_repository",
      "name": "github_actions_runner",
      "provider": "provider[\"registry.terraform.io/hashicorp/aws\"]",
      "instances": [
        {
          "schema_version": 0,
          "attributes": {
            "arn": "arn:aws:ecr:us-east-1:037370603820:repository/github-actions-runner",
            "encryption_configuration": [
              {
                "encryption_type": "AES256",
                "kms_key": ""
              }
            ],
            "force_delete": null,
            "id": "github-actions-runner",
            "image_scanning_configuration": [
              {
                "scan_on_push": false
              }
            ],
            "image_tag_mutability": "MUTABLE",
            "name": "github-actions-runner",
            "registry_id": "037370603820",
            "repository_url": "037370603820.dkr.ecr.us-east-1.amazonaws.com/github-actions-runner",
            "tags": {
              "Automation": "Terraform"
            },
            "tags_all": {
              "Automation": "Terraform"
            },
            "timeouts": null
          },
          "sensitive_attributes": [],
          "private": "eyJlMmJmYjczMC1lY2FhLTExZTYtOGY4OC0zNDM2M2JjN2M0YzAiOnsiZGVsZXRlIjoxMjAwMDAwMDAwMDAwfSwic2NoZW1hX3ZlcnNpb24iOiIwIn0="
        }
      ]
    },
    {
      "mode": "managed",
      "type": "aws_ecr_repository_policy",
      "name": "github_actions_runner",
      "provider": "provider[\"registry.terraform.io/hashicorp/aws\"]",
      "instances": [
        {
          "schema_version": 0,
          "attributes": {
            "id": "github-actions-runner",
            "policy": "{\"Statement\":[{\"Action\":[\"ecr:ListImages\",\"ecr:GetDownloadUrlForLayer\",\"ecr:GetAuthorizationToken\",\"ecr:DescribeImages\",\"ecr:BatchGetImage\",\"ecr:BatchCheckLayerAvailability\"],\"Condition\":{\"StringLike\":{\"aws:PrincipalOrgID\":\"o-ry4nhh9eic\"}},\"Effect\":\"Allow\",\"Principal\":{\"AWS\":\"*\"},\"Sid\":\"OrganizationECRReadOnly\"}],\"Version\":\"2012-10-17\"}",
            "registry_id": "037370603820",
            "repository": "github-actions-runner"
          },
          "sensitive_attributes": [],
          "private": "bnVsbA==",
          "dependencies": [
            "aws_ecr_repository.github_actions_runner",
            "data.aws_iam_policy_document.ecr_perms_ro_organization"
          ]
        }
      ]
    },
    {
      "mode": "managed",
      "type": "aws_iam_openid_connect_provider",
      "name": "github_actions",
      "provider": "provider[\"registry.terraform.io/hashicorp/aws\"]",
      "instances": [
        {
          "schema_version": 0,
          "attributes": {
            "arn": "arn:aws:iam::037370603820:oidc-provider/token.actions.githubusercontent.com",
            "client_id_list": [
              "sts.amazonaws.com"
            ],
            "id": "arn:aws:iam::037370603820:oidc-provider/token.actions.githubusercontent.com",
            "tags": {},
            "tags_all": {},
            "thumbprint_list": [
              "6938fd4d98bab03faadb97b34396831e3780aea1",
              "1c58a3a8518e8759bf075b76b750d4f2df264fcd"
            ],
            "url": "token.actions.githubusercontent.com"
          },
          "sensitive_attributes": [],
          "private": "eyJzY2hlbWFfdmVyc2lvbiI6IjAifQ=="
        }
      ]
    },
    {
      "mode": "managed",
      "type": "aws_iam_role",
      "name": "github_actions_oidc",
      "provider": "provider[\"registry.terraform.io/hashicorp/aws\"]",
      "instances": [
        {
          "schema_version": 0,
          "attributes": {
            "arn": "arn:aws:iam::037370603820:role/delegatedadmin/developer/github-actions-oidc",
            "assume_role_policy": "{\"Statement\":[{\"Action\":\"sts:AssumeRoleWithWebIdentity\",\"Condition\":{\"StringEquals\":{\"token.actions.githubusercontent.com:aud\":\"sts.amazonaws.com\"},\"StringLike\":{\"token.actions.githubusercontent.com:sub\":\"repo:Enterprise-CMCS/mac-fc-github-actions-runner-aws:*\"}},\"Effect\":\"Allow\",\"Principal\":{\"Federated\":\"arn:aws:iam::037370603820:oidc-provider/token.actions.githubusercontent.com\"},\"Sid\":\"RoleForGitHubActions\"}],\"Version\":\"2012-10-17\"}",
            "create_date": "2022-11-07T16:31:24Z",
            "description": "A service role for use with GitHub Actions OIDC",
            "force_detach_policies": false,
            "id": "github-actions-oidc",
            "inline_policy": [
              {
                "name": "github-actions-permissions",
                "policy": "{\"Version\":\"2012-10-17\",\"Statement\":[{\"Action\":[\"ecr:GetAuthorizationToken\"],\"Effect\":\"Allow\",\"Resource\":\"*\"},{\"Action\":[\"ecr:CompleteLayerUpload\",\"ecr:GetAuthorizationToken\",\"ecr:UploadLayerPart\",\"ecr:InitiateLayerUpload\",\"ecr:BatchCheckLayerAvailability\",\"ecr:BatchGetImage\",\"ecr:PutImage\",\"ecr:TagResource\"],\"Effect\":\"Allow\",\"Resource\":\"arn:aws:ecr:us-east-1:037370603820:repository/github-actions-runner\"}]}"
              }
            ],
            "managed_policy_arns": [
              "arn:aws:iam::aws:policy/ReadOnlyAccess"
            ],
            "max_session_duration": 3600,
            "name": "github-actions-oidc",
            "name_prefix": "",
            "path": "/delegatedadmin/developer/",
            "permissions_boundary": "arn:aws:iam::037370603820:policy/cms-cloud-admin/developer-boundary-policy",
            "tags": {},
            "tags_all": {},
            "unique_id": "AROAQRM3WFEWILEWHO6PD"
          },
          "sensitive_attributes": [],
          "private": "eyJzY2hlbWFfdmVyc2lvbiI6IjAifQ=="
        }
      ]
    },
    {
      "mode": "managed",
      "type": "aws_iam_role_policy",
      "name": "github_actions_permissions",
      "provider": "provider[\"registry.terraform.io/hashicorp/aws\"]",
      "instances": [
        {
          "schema_version": 0,
          "attributes": {
            "id": "github-actions-oidc:github-actions-permissions",
            "name": "github-actions-permissions",
            "name_prefix": "",
            "policy": "{\"Version\":\"2012-10-17\",\"Statement\":[{\"Action\":[\"ecr:GetAuthorizationToken\"],\"Effect\":\"Allow\",\"Resource\":\"*\"},{\"Action\":[\"ecr:CompleteLayerUpload\",\"ecr:GetAuthorizationToken\",\"ecr:UploadLayerPart\",\"ecr:InitiateLayerUpload\",\"ecr:BatchCheckLayerAvailability\",\"ecr:BatchGetImage\",\"ecr:PutImage\",\"ecr:TagResource\"],\"Effect\":\"Allow\",\"Resource\":\"arn:aws:ecr:us-east-1:037370603820:repository/github-actions-runner\"}]}",
            "role": "github-actions-oidc"
          },
          "sensitive_attributes": [],
          "private": "eyJzY2hlbWFfdmVyc2lvbiI6IjAifQ=="
        }
      ]
    }
  ],
  "check_results": null
}
